
Microsoft Visual Studio Solution File, Format Version 12.00
Project("{2150E333-8FDC-42A3-9474-1A3956D46DE8}") = "HomeWork1", "HomeWork1", "{9D59636A-1ACB-465B-89AF-23A82CCAF666}"
EndProject
Project("{FAE04EC0-301F-11D3-BF4B-00C04F79EFBC}") = "HelloWorld", "HomeWork1\HelloWorld\HelloWorld.csproj", "{3D8974B0-2197-43B3-8096-B8E524635BD0}"
EndProject
Global
	GlobalSection(SolutionConfigurationPlatforms) = preSolution
		Debug|Any CPU = Debug|Any CPU
		Release|Any CPU = Release|Any CPU
	EndGlobalSection
	GlobalSection(ProjectConfigurationPlatforms) = postSolution
		{3D8974B0-2197-43B3-8096-B8E524635BD0}.Debug|Any CPU.ActiveCfg = Debug|Any CPU
		{3D8974B0-2197-43B3-8096-B8E524635BD0}.Debug|Any CPU.Build.0 = Debug|Any CPU
		{3D8974B0-2197-43B3-8096-B8E524635BD0}.Release|Any CPU.ActiveCfg = Release|Any CPU
		{3D8974B0-2197-43B3-8096-B8E524635BD0}.Release|Any CPU.Build.0 = Release|Any CPU
	EndGlobalSection
	GlobalSection(NestedProjects) = preSolution
		{3D8974B0-2197-43B3-8096-B8E524635BD0} = {9D59636A-1ACB-465B-89AF-23A82CCAF666}
	EndGlobalSection
EndGlobal
